// !$*UTF8*$!
{
	archiveVersion = 1;
	classes = {
	};
	objectVersion = 77;
	objects = {

/* Begin PBXBuildFile section */
		AC5EBA842D7CD5A300B89DAD /* FirebaseAnalytics in Frameworks */ = {isa = PBXBuildFile; productRef = AC5EBA832D7CD5A300B89DAD /* FirebaseAnalytics */; };
		AC5EBA862D7CD5A300B89DAD /* FirebaseAuth in Frameworks */ = {isa = PBXBuildFile; productRef = AC5EBA852D7CD5A300B89DAD /* FirebaseAuth */; };
		AC5EBA882D7CD5A300B89DAD /* FirebaseCore in Frameworks */ = {isa = PBXBuildFile; productRef = AC5EBA872D7CD5A300B89DAD /* FirebaseCore */; };
		AC5EBA8A2D7CD5A300B89DAD /* FirebaseDatabase in Frameworks */ = {isa = PBXBuildFile; productRef = AC5EBA892D7CD5A300B89DAD /* FirebaseDatabase */; };
		AC5EBA8C2D7CD5A300B89DAD /* FirebaseFirestore in Frameworks */ = {isa = PBXBuildFile; productRef = AC5EBA8B2D7CD5A300B89DAD /* FirebaseFirestore */; };
/* End PBXBuildFile section */

/* Begin PBXContainerItemProxy section */
		ACFAB8C82DB18B9300A4927D /* PBXContainerItemProxy */ = {
			isa = PBXContainerItemProxy;
			containerPortal = AC5EBA692D7CD43E00B89DAD /* Project object */;
			proxyType = 1;
			remoteGlobalIDString = AC5EBA702D7CD43E00B89DAD;
			remoteInfo = event_planning_app;
		};
/* End PBXContainerItemProxy section */

/* Begin PBXFileReference section */
		AC5EBA712D7CD43E00B89DAD /* event_planning_app.app */ = {isa = PBXFileReference; explicitFileType = wrapper.application; includeInIndex = 0; path = event_planning_app.app; sourceTree = BUILT_PRODUCTS_DIR; };
		ACFAB8C42DB18B9300A4927D /* appTests.xctest */ = {isa = PBXFileReference; explicitFileType = wrapper.cfbundle; includeInIndex = 0; path = appTests.xctest; sourceTree = BUILT_PRODUCTS_DIR; };
/* End PBXFileReference section */

/* Begin PBXFileSystemSynchronizedBuildFileExceptionSet section */
		ACFAB8CE2DB18BBA00A4927D /* Exceptions for "event_planning_app" folder in "appTests" target */ = {
			isa = PBXFileSystemSynchronizedBuildFileExceptionSet;
			membershipExceptions = (
				Views/services/database/AuthService.swift,
				Views/services/database/FirestoreService.swift,
				"Views/shared/Models /FriendLocation.swift",
				Views/widgets/Home/SettingsView.swift,
			);
			target = ACFAB8C32DB18B9300A4927D /* appTests */;
		};
/* End PBXFileSystemSynchronizedBuildFileExceptionSet section */

/* Begin PBXFileSystemSynchronizedRootGroup section */
		AC5EBA732D7CD43E00B89DAD /* event_planning_app */ = {
			isa = PBXFileSystemSynchronizedRootGroup;
			exceptions = (
				ACFAB8CE2DB18BBA00A4927D /* Exceptions for "event_planning_app" folder in "appTests" target */,
			);
			path = event_planning_app;
			sourceTree = "<group>";
		};
		ACFAB8C52DB18B9300A4927D /* appTests */ = {
			isa = PBXFileSystemSynchronizedRootGroup;
			path = appTests;
			sourceTree = "<group>";
		};
/* End PBXFileSystemSynchronizedRootGroup section */

/* Begin PBXFrameworksBuildPhase section */
		AC5EBA6E2D7CD43E00B89DAD /* Frameworks */ = {
			isa = PBXFrameworksBuildPhase;
			buildActionMask = 2147483647;
			files = (
				AC5EBA842D7CD5A300B89DAD /* FirebaseAnalytics in Frameworks */,
				AC5EBA882D7CD5A300B89DAD /* FirebaseCore in Frameworks */,
				AC5EBA8A2D7CD5A300B89DAD /* FirebaseDatabase in Frameworks */,
				AC5EBA8C2D7CD5A300B89DAD /* FirebaseFirestore in Frameworks */,
				AC5EBA862D7CD5A300B89DAD /* FirebaseAuth in Frameworks */,
			);
			runOnlyForDeploymentPostprocessing = 0;
		};
		ACFAB8C12DB18B9300A4927D /* Frameworks */ = {
			isa = PBXFrameworksBuildPhase;
			buildActionMask = 2147483647;
			files = (
			);
			runOnlyForDeploymentPostprocessing = 0;
		};
/* End PBXFrameworksBuildPhase section */

/* Begin PBXGroup section */
		AC5EBA682D7CD43E00B89DAD = {
			isa = PBXGroup;
			children = (
				AC5EBA732D7CD43E00B89DAD /* event_planning_app */,
				ACFAB8C52DB18B9300A4927D /* appTests */,
				AC5EBA722D7CD43E00B89DAD /* Products */,
			);
			sourceTree = "<group>";
		};
		AC5EBA722D7CD43E00B89DAD /* Products */ = {
			isa = PBXGroup;
			children = (
				AC5EBA712D7CD43E00B89DAD /* event_planning_app.app */,
				ACFAB8C42DB18B9300A4927D /* appTests.xctest */,
			);
			name = Products;
			sourceTree = "<group>";
		};
/* End PBXGroup section */

/* Begin PBXNativeTarget section */
		AC5EBA702D7CD43E00B89DAD /* event_planning_app */ = {
			isa = PBXNativeTarget;
			buildConfigurationList = AC5EBA7F2D7CD43F00B89DAD /* Build configuration list for PBXNativeTarget "event_planning_app" */;
			buildPhases = (
				AC5EBA6D2D7CD43E00B89DAD /* Sources */,
				AC5EBA6E2D7CD43E00B89DAD /* Frameworks */,
				AC5EBA6F2D7CD43E00B89DAD /* Resources */,
			);
			buildRules = (
			);
			dependencies = (
			);
			fileSystemSynchronizedGroups = (
				AC5EBA732D7CD43E00B89DAD /* event_planning_app */,
			);
			name = event_planning_app;
			packageProductDependencies = (
				AC5EBA832D7CD5A300B89DAD /* FirebaseAnalytics */,
				AC5EBA852D7CD5A300B89DAD /* FirebaseAuth */,
				AC5EBA872D7CD5A300B89DAD /* FirebaseCore */,
				AC5EBA892D7CD5A300B89DAD /* FirebaseDatabase */,
				AC5EBA8B2D7CD5A300B89DAD /* FirebaseFirestore */,
			);
			productName = event_planning_app;
			productReference = AC5EBA712D7CD43E00B89DAD /* event_planning_app.app */;
			productType = "com.apple.product-type.application";
		};
		ACFAB8C32DB18B9300A4927D /* appTests */ = {
			isa = PBXNativeTarget;
			buildConfigurationList = ACFAB8CA2DB18B9300A4927D /* Build configuration list for PBXNativeTarget "appTests" */;
			buildPhases = (
				ACFAB8C02DB18B9300A4927D /* Sources */,
				ACFAB8C12DB18B9300A4927D /* Frameworks */,
				ACFAB8C22DB18B9300A4927D /* Resources */,
			);
			buildRules = (
			);
			dependencies = (
				ACFAB8C92DB18B9300A4927D /* PBXTargetDependency */,
			);
			fileSystemSynchronizedGroups = (
				ACFAB8C52DB18B9300A4927D /* appTests */,
			);
			name = appTests;
			packageProductDependencies = (
			);
			productName = appTests;
			productReference = ACFAB8C42DB18B9300A4927D /* appTests.xctest */;
			productType = "com.apple.product-type.bundle.unit-test";
		};
/* End PBXNativeTarget section */

/* Begin PBXProject section */
		AC5EBA692D7CD43E00B89DAD /* Project object */ = {
			isa = PBXProject;
			attributes = {
				BuildIndependentTargetsInParallel = 1;
				LastSwiftUpdateCheck = 1620;
				LastUpgradeCheck = 1620;
				TargetAttributes = {
					AC5EBA702D7CD43E00B89DAD = {
						CreatedOnToolsVersion = 16.2;
					};
					ACFAB8C32DB18B9300A4927D = {
						CreatedOnToolsVersion = 16.2;
						TestTargetID = AC5EBA702D7CD43E00B89DAD;
					};
				};
			};
			buildConfigurationList = AC5EBA6C2D7CD43E00B89DAD /* Build configuration list for PBXProject "event_planning_app" */;
			developmentRegion = en;
			hasScannedForEncodings = 0;
			knownRegions = (
				en,
				Base,
			);
			mainGroup = AC5EBA682D7CD43E00B89DAD;
			minimizedProjectReferenceProxies = 1;
			packageReferences = (
				AC5EBA822D7CD5A300B89DAD /* XCRemoteSwiftPackageReference "firebase-ios-sdk" */,
			);
			preferredProjectObjectVersion = 77;
			productRefGroup = AC5EBA722D7CD43E00B89DAD /* Products */;
			projectDirPath = "";
			projectRoot = "";
			targets = (
				AC5EBA702D7CD43E00B89DAD /* event_planning_app */,
				ACFAB8C32DB18B9300A4927D /* appTests */,
			);
		};
/* End PBXProject section */

/* Begin PBXResourcesBuildPhase section */
		AC5EBA6F2D7CD43E00B89DAD /* Resources */ = {
			isa = PBXResourcesBuildPhase;
			buildActionMask = 2147483647;
			files = (
			);
			runOnlyForDeploymentPostprocessing = 0;
		};
		ACFAB8C22DB18B9300A4927D /* Resources */ = {
			isa = PBXResourcesBuildPhase;
			buildActionMask = 2147483647;
			files = (
			);
			runOnlyForDeploymentPostprocessing = 0;
		};
/* End PBXResourcesBuildPhase section */

/* Begin PBXSourcesBuildPhase section */
		AC5EBA6D2D7CD43E00B89DAD /* Sources */ = {
			isa = PBXSourcesBuildPhase;
			buildActionMask = 2147483647;
			files = (
			);
			runOnlyForDeploymentPostprocessing = 0;
		};
		ACFAB8C02DB18B9300A4927D /* Sources */ = {
			isa = PBXSourcesBuildPhase;
			buildActionMask = 2147483647;
			files = (
			);
			runOnlyForDeploymentPostprocessing = 0;
		};
/* End PBXSourcesBuildPhase section */

/* Begin PBXTargetDependency section */
		ACFAB8C92DB18B9300A4927D /* PBXTargetDependency */ = {
			isa = PBXTargetDependency;
			target = AC5EBA702D7CD43E00B89DAD /* event_planning_app */;
			targetProxy = ACFAB8C82DB18B9300A4927D /* PBXContainerItemProxy */;
		};
/* End PBXTargetDependency section */

/* Begin XCBuildConfiguration section */
		AC5EBA7D2D7CD43F00B89DAD /* Debug */ = {
			isa = XCBuildConfiguration;
			buildSettings = {
				ALWAYS_SEARCH_USER_PATHS = NO;
				ASSETCATALOG_COMPILER_GENERATE_SWIFT_ASSET_SYMBOL_EXTENSIONS = YES;
				CLANG_ANALYZER_NONNULL = YES;
				CLANG_ANALYZER_NUMBER_OBJECT_CONVERSION = YES_AGGRESSIVE;
				CLANG_CXX_LANGUAGE_STANDARD = "gnu++20";
				CLANG_ENABLE_MODULES = YES;
				CLANG_ENABLE_OBJC_ARC = YES;
				CLANG_ENABLE_OBJC_WEAK = YES;
				CLANG_WARN_BLOCK_CAPTURE_AUTORELEASING = YES;
				CLANG_WARN_BOOL_CONVERSION = YES;
				CLANG_WARN_COMMA = YES;
				CLANG_WARN_CONSTANT_CONVERSION = YES;
				CLANG_WARN_DEPRECATED_OBJC_IMPLEMENTATIONS = YES;
				CLANG_WARN_DIRECT_OBJC_ISA_USAGE = YES_ERROR;
				CLANG_WARN_DOCUMENTATION_COMMENTS = YES;
				CLANG_WARN_EMPTY_BODY = YES;
				CLANG_WARN_ENUM_CONVERSION = YES;
				CLANG_WARN_INFINITE_RECURSION = YES;
				CLANG_WARN_INT_CONVERSION = YES;
				CLANG_WARN_NON_LITERAL_NULL_CONVERSION = YES;
				CLANG_WARN_OBJC_IMPLICIT_RETAIN_SELF = YES;
				CLANG_WARN_OBJC_LITERAL_CONVERSION = YES;
				CLANG_WARN_OBJC_ROOT_CLASS = YES_ERROR;
				CLANG_WARN_QUOTED_INCLUDE_IN_FRAMEWORK_HEADER = YES;
				CLANG_WARN_RANGE_LOOP_ANALYSIS = YES;
				CLANG_WARN_STRICT_PROTOTYPES = YES;
				CLANG_WARN_SUSPICIOUS_MOVE = YES;
				CLANG_WARN_UNGUARDED_AVAILABILITY = YES_AGGRESSIVE;
				CLANG_WARN_UNREACHABLE_CODE = YES;
				CLANG_WARN__DUPLICATE_METHOD_MATCH = YES;
				COPY_PHASE_STRIP = NO;
				DEBUG_INFORMATION_FORMAT = dwarf;
				ENABLE_STRICT_OBJC_MSGSEND = YES;
				ENABLE_TESTABILITY = YES;
				ENABLE_USER_SCRIPT_SANDBOXING = YES;
				GCC_C_LANGUAGE_STANDARD = gnu17;
				GCC_DYNAMIC_NO_PIC = NO;
				GCC_NO_COMMON_BLOCKS = YES;
				GCC_OPTIMIZATION_LEVEL = 0;
				GCC_PREPROCESSOR_DEFINITIONS = (
					"DEBUG=1",
					"$(inherited)",
				);
				GCC_WARN_64_TO_32_BIT_CONVERSION = YES;
				GCC_WARN_ABOUT_RETURN_TYPE = YES_ERROR;
				GCC_WARN_UNDECLARED_SELECTOR = YES;
				GCC_WARN_UNINITIALIZED_AUTOS = YES_AGGRESSIVE;
				GCC_WARN_UNUSED_FUNCTION = YES;
				GCC_WARN_UNUSED_VARIABLE = YES;
				IPHONEOS_DEPLOYMENT_TARGET = 18.2;
				LOCALIZATION_PREFERS_STRING_CATALOGS = YES;
				MTL_ENABLE_DEBUG_INFO = INCLUDE_SOURCE;
				MTL_FAST_MATH = YES;
				ONLY_ACTIVE_ARCH = YES;
				SDKROOT = iphoneos;
				SWIFT_ACTIVE_COMPILATION_CONDITIONS = "DEBUG $(inherited)";
				SWIFT_OPTIMIZATION_LEVEL = "-Onone";
			};
			name = Debug;
		};
		AC5EBA7E2D7CD43F00B89DAD /* Release */ = {
			isa = XCBuildConfiguration;
			buildSettings = {
				ALWAYS_SEARCH_USER_PATHS = NO;
				ASSETCATALOG_COMPILER_GENERATE_SWIFT_ASSET_SYMBOL_EXTENSIONS = YES;
				CLANG_ANALYZER_NONNULL = YES;
				CLANG_ANALYZER_NUMBER_OBJECT_CONVERSION = YES_AGGRESSIVE;
				CLANG_CXX_LANGUAGE_STANDARD = "gnu++20";
				CLANG_ENABLE_MODULES = YES;
				CLANG_ENABLE_OBJC_ARC = YES;
				CLANG_ENABLE_OBJC_WEAK = YES;
				CLANG_WARN_BLOCK_CAPTURE_AUTORELEASING = YES;
				CLANG_WARN_BOOL_CONVERSION = YES;
				CLANG_WARN_COMMA = YES;
				CLANG_WARN_CONSTANT_CONVERSION = YES;
				CLANG_WARN_DEPRECATED_OBJC_IMPLEMENTATIONS = YES;
				CLANG_WARN_DIRECT_OBJC_ISA_USAGE = YES_ERROR;
				CLANG_WARN_DOCUMENTATION_COMMENTS = YES;
				CLANG_WARN_EMPTY_BODY = YES;
				CLANG_WARN_ENUM_CONVERSION = YES;
				CLANG_WARN_INFINITE_RECURSION = YES;
				CLANG_WARN_INT_CONVERSION = YES;
				CLANG_WARN_NON_LITERAL_NULL_CONVERSION = YES;
				CLANG_WARN_OBJC_IMPLICIT_RETAIN_SELF = YES;
				CLANG_WARN_OBJC_LITERAL_CONVERSION = YES;
				CLANG_WARN_OBJC_ROOT_CLASS = YES_ERROR;
				CLANG_WARN_QUOTED_INCLUDE_IN_FRAMEWORK_HEADER = YES;
				CLANG_WARN_RANGE_LOOP_ANALYSIS = YES;
				CLANG_WARN_STRICT_PROTOTYPES = YES;
				CLANG_WARN_SUSPICIOUS_MOVE = YES;
				CLANG_WARN_UNGUARDED_AVAILABILITY = YES_AGGRESSIVE;
				CLANG_WARN_UNREACHABLE_CODE = YES;
				CLANG_WARN__DUPLICATE_METHOD_MATCH = YES;
				COPY_PHASE_STRIP = NO;
				DEBUG_INFORMATION_FORMAT = "dwarf-with-dsym";
				ENABLE_NS_ASSERTIONS = NO;
				ENABLE_STRICT_OBJC_MSGSEND = YES;
				ENABLE_USER_SCRIPT_SANDBOXING = YES;
				GCC_C_LANGUAGE_STANDARD = gnu17;
				GCC_NO_COMMON_BLOCKS = YES;
				GCC_WARN_64_TO_32_BIT_CONVERSION = YES;
				GCC_WARN_ABOUT_RETURN_TYPE = YES_ERROR;
				GCC_WARN_UNDECLARED_SELECTOR = YES;
				GCC_WARN_UNINITIALIZED_AUTOS = YES_AGGRESSIVE;
				GCC_WARN_UNUSED_FUNCTION = YES;
				GCC_WARN_UNUSED_VARIABLE = YES;
				IPHONEOS_DEPLOYMENT_TARGET = 18.2;
				LOCALIZATION_PREFERS_STRING_CATALOGS = YES;
				MTL_ENABLE_DEBUG_INFO = NO;
				MTL_FAST_MATH = YES;
				SDKROOT = iphoneos;
				SWIFT_COMPILATION_MODE = wholemodule;
				VALIDATE_PRODUCT = YES;
			};
			name = Release;
		};
		AC5EBA802D7CD43F00B89DAD /* Debug */ = {
			isa = XCBuildConfiguration;
			buildSettings = {
				ASSETCATALOG_COMPILER_APPICON_NAME = AppIcon;
				ASSETCATALOG_COMPILER_GLOBAL_ACCENT_COLOR_NAME = AccentColor;
				CODE_SIGN_STYLE = Automatic;
				CURRENT_PROJECT_VERSION = 1;
				DEVELOPMENT_ASSET_PATHS = "\"event_planning_app/Preview Content\"";
				DEVELOPMENT_TEAM = QFS7488RTY;
				ENABLE_PREVIEWS = YES;
				GENERATE_INFOPLIST_FILE = YES;
				INFOPLIST_KEY_NSLocationAlwaysUsageDescription = "We need access to your location for tracking your position in real-time, even when the app is in the background.";
				INFOPLIST_KEY_NSLocationWhenInUseUsageDescription = "We need access to your location for tracking your position in real-time.";
				INFOPLIST_KEY_UIApplicationSceneManifest_Generation = YES;
				INFOPLIST_KEY_UIApplicationSupportsIndirectInputEvents = YES;
				INFOPLIST_KEY_UILaunchScreen_Generation = YES;
				INFOPLIST_KEY_UISupportedInterfaceOrientations_iPad = "UIInterfaceOrientationPortrait UIInterfaceOrientationPortraitUpsideDown UIInterfaceOrientationLandscapeLeft UIInterfaceOrientationLandscapeRight";
				INFOPLIST_KEY_UISupportedInterfaceOrientations_iPhone = "UIInterfaceOrientationPortrait UIInterfaceOrientationLandscapeLeft UIInterfaceOrientationLandscapeRight";
				LD_RUNPATH_SEARCH_PATHS = (
					"$(inherited)",
					"@executable_path/Frameworks",
				);
				MARKETING_VERSION = 1.0;
				PRODUCT_BUNDLE_IDENTIFIER = "programing.event-planning-app";
				PRODUCT_NAME = "$(TARGET_NAME)";
				SWIFT_EMIT_LOC_STRINGS = YES;
				SWIFT_VERSION = 5.0;
				TARGETED_DEVICE_FAMILY = "1,2";
			};
			name = Debug;
		};
		AC5EBA812D7CD43F00B89DAD /* Release */ = {
			isa = XCBuildConfiguration;
			buildSettings = {
				ASSETCATALOG_COMPILER_APPICON_NAME = AppIcon;
				ASSETCATALOG_COMPILER_GLOBAL_ACCENT_COLOR_NAME = AccentColor;
				CODE_SIGN_STYLE = Automatic;
				CURRENT_PROJECT_VERSION = 1;
				DEVELOPMENT_ASSET_PATHS = "\"event_planning_app/Preview Content\"";
				DEVELOPMENT_TEAM = QFS7488RTY;
				ENABLE_PREVIEWS = YES;
				GENERATE_INFOPLIST_FILE = YES;
				INFOPLIST_KEY_NSLocationAlwaysUsageDescription = "We need access to your location for tracking your position in real-time, even when the app is in the background.";
				INFOPLIST_KEY_NSLocationWhenInUseUsageDescription = "We need access to your location for tracking your position in real-time.";
				INFOPLIST_KEY_UIApplicationSceneManifest_Generation = YES;
				INFOPLIST_KEY_UIApplicationSupportsIndirectInputEvents = YES;
				INFOPLIST_KEY_UILaunchScreen_Generation = YES;
				INFOPLIST_KEY_UISupportedInterfaceOrientations_iPad = "UIInterfaceOrientationPortrait UIInterfaceOrientationPortraitUpsideDown UIInterfaceOrientationLandscapeLeft UIInterfaceOrientationLandscapeRight";
				INFOPLIST_KEY_UISupportedInterfaceOrientations_iPhone = "UIInterfaceOrientationPortrait UIInterfaceOrientationLandscapeLeft UIInterfaceOrientationLandscapeRight";
				LD_RUNPATH_SEARCH_PATHS = (
					"$(inherited)",
					"@executable_path/Frameworks",
				);
				MARKETING_VERSION = 1.0;
				PRODUCT_BUNDLE_IDENTIFIER = "programing.event-planning-app";
				PRODUCT_NAME = "$(TARGET_NAME)";
				SWIFT_EMIT_LOC_STRINGS = YES;
				SWIFT_VERSION = 5.0;
				TARGETED_DEVICE_FAMILY = "1,2";
			};
			name = Release;
		};
		ACFAB8CB2DB18B9300A4927D /* Debug */ = {
			isa = XCBuildConfiguration;
			buildSettings = {
				BUNDLE_LOADER = "$(TEST_HOST)";
				CODE_SIGN_STYLE = Automatic;
				CURRENT_PROJECT_VERSION = 1;
				DEVELOPMENT_TEAM = QFS7488RTY;
				GENERATE_INFOPLIST_FILE = YES;
				MARKETING_VERSION = 1.0;
				PRODUCT_BUNDLE_IDENTIFIER = programing.appTests;
				PRODUCT_NAME = "$(TARGET_NAME)";
				SWIFT_EMIT_LOC_STRINGS = NO;
				SWIFT_VERSION = 5.0;
				TARGETED_DEVICE_FAMILY = "1,2";
				TEST_HOST = "$(BUILT_PRODUCTS_DIR)/event_planning_app.app/$(BUNDLE_EXECUTABLE_FOLDER_PATH)/event_planning_app";
			};
			name = Debug;
		};
		ACFAB8CC2DB18B9300A4927D /* Release */ = {
			isa = XCBuildConfiguration;
			buildSettings = {
				BUNDLE_LOADER = "$(TEST_HOST)";
				CODE_SIGN_STYLE = Automatic;
				CURRENT_PROJECT_VERSION = 1;
				DEVELOPMENT_TEAM = QFS7488RTY;
				GENERATE_INFOPLIST_FILE = YES;
				MARKETING_VERSION = 1.0;
				PRODUCT_BUNDLE_IDENTIFIER = programing.appTests;
				PRODUCT_NAME = "$(TARGET_NAME)";
				SWIFT_EMIT_LOC_STRINGS = NO;
				SWIFT_VERSION = 5.0;
				TARGETED_DEVICE_FAMILY = "1,2";
				TEST_HOST = "$(BUILT_PRODUCTS_DIR)/event_planning_app.app/$(BUNDLE_EXECUTABLE_FOLDER_PATH)/event_planning_app";
			};
			name = Release;
		};
/* End XCBuildConfiguration section */

/* Begin XCConfigurationList section */
		AC5EBA6C2D7CD43E00B89DAD /* Build configuration list for PBXProject "event_planning_app" */ = {
			isa = XCConfigurationList;
			buildConfigurations = (
				AC5EBA7D2D7CD43F00B89DAD /* Debug */,
				AC5EBA7E2D7CD43F00B89DAD /* Release */,
			);
			defaultConfigurationIsVisible = 0;
			defaultConfigurationName = Release;
		};
		AC5EBA7F2D7CD43F00B89DAD /* Build configuration list for PBXNativeTarget "event_planning_app" */ = {
			isa = XCConfigurationList;
			buildConfigurations = (
				AC5EBA802D7CD43F00B89DAD /* Debug */,
				AC5EBA812D7CD43F00B89DAD /* Release */,
			);
			defaultConfigurationIsVisible = 0;
			defaultConfigurationName = Release;
		};
		ACFAB8CA2DB18B9300A4927D /* Build configuration list for PBXNativeTarget "appTests" */ = {
			isa = XCConfigurationList;
			buildConfigurations = (
				ACFAB8CB2DB18B9300A4927D /* Debug */,
				ACFAB8CC2DB18B9300A4927D /* Release */,
			);
			defaultConfigurationIsVisible = 0;
			defaultConfigurationName = Release;
		};
/* End XCConfigurationList section */

/* Begin XCRemoteSwiftPackageReference section */
		AC5EBA822D7CD5A300B89DAD /* XCRemoteSwiftPackageReference "firebase-ios-sdk" */ = {
			isa = XCRemoteSwiftPackageReference;
			repositoryURL = "https://github.com/firebase/firebase-ios-sdk.git";
			requirement = {
				kind = upToNextMajorVersion;
				minimumVersion = 11.9.0;
			};
		};
/* End XCRemoteSwiftPackageReference section */

/* Begin XCSwiftPackageProductDependency section */
		AC5EBA832D7CD5A300B89DAD /* FirebaseAnalytics */ = {
			isa = XCSwiftPackageProductDependency;
			package = AC5EBA822D7CD5A300B89DAD /* XCRemoteSwiftPackageReference "firebase-ios-sdk" */;
			productName = FirebaseAnalytics;
		};
		AC5EBA852D7CD5A300B89DAD /* FirebaseAuth */ = {
			isa = XCSwiftPackageProductDependency;
			package = AC5EBA822D7CD5A300B89DAD /* XCRemoteSwiftPackageReference "firebase-ios-sdk" */;
			productName = FirebaseAuth;
		};
		AC5EBA872D7CD5A300B89DAD /* FirebaseCore */ = {
			isa = XCSwiftPackageProductDependency;
			package = AC5EBA822D7CD5A300B89DAD /* XCRemoteSwiftPackageReference "firebase-ios-sdk" */;
			productName = FirebaseCore;
		};
		AC5EBA892D7CD5A300B89DAD /* FirebaseDatabase */ = {
			isa = XCSwiftPackageProductDependency;
			package = AC5EBA822D7CD5A300B89DAD /* XCRemoteSwiftPackageReference "firebase-ios-sdk" */;
			productName = FirebaseDatabase;
		};
		AC5EBA8B2D7CD5A300B89DAD /* FirebaseFirestore */ = {
			isa = XCSwiftPackageProductDependency;
			package = AC5EBA822D7CD5A300B89DAD /* XCRemoteSwiftPackageReference "firebase-ios-sdk" */;
			productName = FirebaseFirestore;
		};
/* End XCSwiftPackageProductDependency section */
	};
	rootObject = AC5EBA692D7CD43E00B89DAD /* Project object */;
}
