// !$*UTF8*$!
{
	archiveVersion = 1;
	classes = {
	};
	objectVersion = 77;
	objects = {

/* Begin PBXBuildFile section */
		ACE7E0F42DE6FDEC00CD99C7 /* SocialPlanningKit.framework in Frameworks */ = {isa = PBXBuildFile; fileRef = ACE7E0EC2DE6FDEC00CD99C7 /* SocialPlanningKit.framework */; };
		ACE7E0F52DE6FDEC00CD99C7 /* SocialPlanningKit.framework in Embed Frameworks */ = {isa = PBXBuildFile; fileRef = ACE7E0EC2DE6FDEC00CD99C7 /* SocialPlanningKit.framework */; settings = {ATTRIBUTES = (CodeSignOnCopy, RemoveHeadersOnCopy, ); }; };
		ACE7E1002DE7022A00CD99C7 /* FirebaseAuth in Frameworks */ = {isa = PBXBuildFile; productRef = ACE7E0FF2DE7022A00CD99C7 /* FirebaseAuth */; };
		ACE7E1022DE7023300CD99C7 /* FirebaseCore in Frameworks */ = {isa = PBXBuildFile; productRef = ACE7E1012DE7023300CD99C7 /* FirebaseCore */; };
		ACE7E1042DE7024100CD99C7 /* FirebaseAnalytics in Frameworks */ = {isa = PBXBuildFile; productRef = ACE7E1032DE7024100CD99C7 /* FirebaseAnalytics */; };
		ACE7E1062DE7024C00CD99C7 /* FirebaseFirestore in Frameworks */ = {isa = PBXBuildFile; productRef = ACE7E1052DE7024C00CD99C7 /* FirebaseFirestore */; };
		ACE7E1082DE7025700CD99C7 /* FirebaseDatabase in Frameworks */ = {isa = PBXBuildFile; productRef = ACE7E1072DE7025700CD99C7 /* FirebaseDatabase */; };
/* End PBXBuildFile section */

/* Begin PBXContainerItemProxy section */
		ACB889832DE86E2E00F69444 /* PBXContainerItemProxy */ = {
			isa = PBXContainerItemProxy;
			containerPortal = AC5EBA692D7CD43E00B89DAD /* Project object */;
			proxyType = 1;
			remoteGlobalIDString = AC5EBA702D7CD43E00B89DAD;
			remoteInfo = event_planning_app;
		};
		ACE7E0F22DE6FDEC00CD99C7 /* PBXContainerItemProxy */ = {
			isa = PBXContainerItemProxy;
			containerPortal = AC5EBA692D7CD43E00B89DAD /* Project object */;
			proxyType = 1;
			remoteGlobalIDString = ACE7E0EB2DE6FDEC00CD99C7;
			remoteInfo = SocialPlanningKit;
		};
/* End PBXContainerItemProxy section */

/* Begin PBXCopyFilesBuildPhase section */
		AC0409E32DE0F1DD00B23478 /* Embed Frameworks */ = {
			isa = PBXCopyFilesBuildPhase;
			buildActionMask = 2147483647;
			dstPath = "";
			dstSubfolderSpec = 10;
			files = (
				ACE7E0F52DE6FDEC00CD99C7 /* SocialPlanningKit.framework in Embed Frameworks */,
			);
			name = "Embed Frameworks";
			runOnlyForDeploymentPostprocessing = 0;
		};
/* End PBXCopyFilesBuildPhase section */

/* Begin PBXFileReference section */
		AC5EBA712D7CD43E00B89DAD /* event_planning_app.app */ = {isa = PBXFileReference; explicitFileType = wrapper.application; includeInIndex = 0; path = event_planning_app.app; sourceTree = BUILT_PRODUCTS_DIR; };
		AC6F5EE12DE0F8B400025F04 /* SocialGeoKit.xcodeproj */ = {isa = PBXFileReference; lastKnownFileType = "wrapper.pb-project"; path = SocialGeoKit.xcodeproj; sourceTree = "<group>"; };
		ACB8897F2DE86E2E00F69444 /* SocialPlanningKitTests.xctest */ = {isa = PBXFileReference; explicitFileType = wrapper.cfbundle; includeInIndex = 0; path = SocialPlanningKitTests.xctest; sourceTree = BUILT_PRODUCTS_DIR; };
		ACE7E0EC2DE6FDEC00CD99C7 /* SocialPlanningKit.framework */ = {isa = PBXFileReference; explicitFileType = wrapper.framework; includeInIndex = 0; path = SocialPlanningKit.framework; sourceTree = BUILT_PRODUCTS_DIR; };
/* End PBXFileReference section */

/* Begin PBXFileSystemSynchronizedBuildFileExceptionSet section */
		ACE7E0F92DE6FDEC00CD99C7 /* Exceptions for "SocialPlanningKit" folder in "SocialPlanningKit" target */ = {
			isa = PBXFileSystemSynchronizedBuildFileExceptionSet;
			publicHeaders = (
				SocialPlanningKit.h,
			);
			target = ACE7E0EB2DE6FDEC00CD99C7 /* SocialPlanningKit */;
		};
/* End PBXFileSystemSynchronizedBuildFileExceptionSet section */

/* Begin PBXFileSystemSynchronizedRootGroup section */
		AC5EBA732D7CD43E00B89DAD /* event_planning_app */ = {
			isa = PBXFileSystemSynchronizedRootGroup;
			path = event_planning_app;
			sourceTree = "<group>";
		};
		ACB889802DE86E2E00F69444 /* SocialPlanningKitTests */ = {
			isa = PBXFileSystemSynchronizedRootGroup;
			path = SocialPlanningKitTests;
			sourceTree = "<group>";
		};
		ACE7E0ED2DE6FDEC00CD99C7 /* SocialPlanningKit */ = {
			isa = PBXFileSystemSynchronizedRootGroup;
			exceptions = (
				ACE7E0F92DE6FDEC00CD99C7 /* Exceptions for "SocialPlanningKit" folder in "SocialPlanningKit" target */,
			);
			path = SocialPlanningKit;
			sourceTree = "<group>";
		};
/* End PBXFileSystemSynchronizedRootGroup section */

/* Begin PBXFrameworksBuildPhase section */
		AC5EBA6E2D7CD43E00B89DAD /* Frameworks */ = {
			isa = PBXFrameworksBuildPhase;
			buildActionMask = 2147483647;
			files = (
				ACE7E0F42DE6FDEC00CD99C7 /* SocialPlanningKit.framework in Frameworks */,
			);
			runOnlyForDeploymentPostprocessing = 0;
		};
		ACB8897C2DE86E2E00F69444 /* Frameworks */ = {
			isa = PBXFrameworksBuildPhase;
			buildActionMask = 2147483647;
			files = (
			);
			runOnlyForDeploymentPostprocessing = 0;
		};
		ACE7E0E92DE6FDEC00CD99C7 /* Frameworks */ = {
			isa = PBXFrameworksBuildPhase;
			buildActionMask = 2147483647;
			files = (
				ACE7E1082DE7025700CD99C7 /* FirebaseDatabase in Frameworks */,
				ACE7E1022DE7023300CD99C7 /* FirebaseCore in Frameworks */,
				ACE7E1062DE7024C00CD99C7 /* FirebaseFirestore in Frameworks */,
				ACE7E1002DE7022A00CD99C7 /* FirebaseAuth in Frameworks */,
				ACE7E1042DE7024100CD99C7 /* FirebaseAnalytics in Frameworks */,
			);
			runOnlyForDeploymentPostprocessing = 0;
		};
/* End PBXFrameworksBuildPhase section */

/* Begin PBXGroup section */
		AC5EBA682D7CD43E00B89DAD = {
			isa = PBXGroup;
			children = (
				AC5EBA732D7CD43E00B89DAD /* event_planning_app */,
				ACE7E0ED2DE6FDEC00CD99C7 /* SocialPlanningKit */,
				ACB889802DE86E2E00F69444 /* SocialPlanningKitTests */,
				ACE7E0FE2DE7022A00CD99C7 /* Frameworks */,
				AC5EBA722D7CD43E00B89DAD /* Products */,
			);
			sourceTree = "<group>";
		};
		AC5EBA722D7CD43E00B89DAD /* Products */ = {
			isa = PBXGroup;
			children = (
				AC5EBA712D7CD43E00B89DAD /* event_planning_app.app */,
				ACE7E0EC2DE6FDEC00CD99C7 /* SocialPlanningKit.framework */,
				ACB8897F2DE86E2E00F69444 /* SocialPlanningKitTests.xctest */,
			);
			name = Products;
			sourceTree = "<group>";
		};
		AC6F5EE32DE0F8B400025F04 /* Products */ = {
			isa = PBXGroup;
			children = (
			);
			name = Products;
			sourceTree = "<group>";
		};
		ACE7E0FE2DE7022A00CD99C7 /* Frameworks */ = {
			isa = PBXGroup;
			children = (
			);
			name = Frameworks;
			sourceTree = "<group>";
		};
/* End PBXGroup section */

/* Begin PBXHeadersBuildPhase section */
		ACE7E0E72DE6FDEC00CD99C7 /* Headers */ = {
			isa = PBXHeadersBuildPhase;
			buildActionMask = 2147483647;
			files = (
			);
			runOnlyForDeploymentPostprocessing = 0;
		};
/* End PBXHeadersBuildPhase section */

/* Begin PBXNativeTarget section */
		AC5EBA702D7CD43E00B89DAD /* event_planning_app */ = {
			isa = PBXNativeTarget;
			buildConfigurationList = AC5EBA7F2D7CD43F00B89DAD /* Build configuration list for PBXNativeTarget "event_planning_app" */;
			buildPhases = (
				AC5EBA6D2D7CD43E00B89DAD /* Sources */,
				AC5EBA6E2D7CD43E00B89DAD /* Frameworks */,
				AC5EBA6F2D7CD43E00B89DAD /* Resources */,
				AC0409E32DE0F1DD00B23478 /* Embed Frameworks */,
			);
			buildRules = (
			);
			dependencies = (
				ACE7E0F32DE6FDEC00CD99C7 /* PBXTargetDependency */,
			);
			fileSystemSynchronizedGroups = (
				AC5EBA732D7CD43E00B89DAD /* event_planning_app */,
			);
			name = event_planning_app;
			packageProductDependencies = (
			);
			productName = event_planning_app;
			productReference = AC5EBA712D7CD43E00B89DAD /* event_planning_app.app */;
			productType = "com.apple.product-type.application";
		};
		ACB8897E2DE86E2E00F69444 /* SocialPlanningKitTests */ = {
			isa = PBXNativeTarget;
			buildConfigurationList = ACB889852DE86E2E00F69444 /* Build configuration list for PBXNativeTarget "SocialPlanningKitTests" */;
			buildPhases = (
				ACB8897B2DE86E2E00F69444 /* Sources */,
				ACB8897C2DE86E2E00F69444 /* Frameworks */,
				ACB8897D2DE86E2E00F69444 /* Resources */,
			);
			buildRules = (
			);
			dependencies = (
				ACB889842DE86E2E00F69444 /* PBXTargetDependency */,
			);
			fileSystemSynchronizedGroups = (
				ACB889802DE86E2E00F69444 /* SocialPlanningKitTests */,
			);
			name = SocialPlanningKitTests;
			packageProductDependencies = (
			);
			productName = SocialPlanningKitTests;
			productReference = ACB8897F2DE86E2E00F69444 /* SocialPlanningKitTests.xctest */;
			productType = "com.apple.product-type.bundle.unit-test";
		};
		ACE7E0EB2DE6FDEC00CD99C7 /* SocialPlanningKit */ = {
			isa = PBXNativeTarget;
			buildConfigurationList = ACE7E0F62DE6FDEC00CD99C7 /* Build configuration list for PBXNativeTarget "SocialPlanningKit" */;
			buildPhases = (
				ACE7E0E72DE6FDEC00CD99C7 /* Headers */,
				ACE7E0E82DE6FDEC00CD99C7 /* Sources */,
				ACE7E0E92DE6FDEC00CD99C7 /* Frameworks */,
				ACE7E0EA2DE6FDEC00CD99C7 /* Resources */,
			);
			buildRules = (
			);
			dependencies = (
			);
			fileSystemSynchronizedGroups = (
				ACE7E0ED2DE6FDEC00CD99C7 /* SocialPlanningKit */,
			);
			name = SocialPlanningKit;
			packageProductDependencies = (
				ACE7E0FF2DE7022A00CD99C7 /* FirebaseAuth */,
				ACE7E1012DE7023300CD99C7 /* FirebaseCore */,
				ACE7E1032DE7024100CD99C7 /* FirebaseAnalytics */,
				ACE7E1052DE7024C00CD99C7 /* FirebaseFirestore */,
				ACE7E1072DE7025700CD99C7 /* FirebaseDatabase */,
			);
			productName = SocialPlanningKit;
			productReference = ACE7E0EC2DE6FDEC00CD99C7 /* SocialPlanningKit.framework */;
			productType = "com.apple.product-type.framework";
		};
/* End PBXNativeTarget section */

/* Begin PBXProject section */
		AC5EBA692D7CD43E00B89DAD /* Project object */ = {
			isa = PBXProject;
			attributes = {
				BuildIndependentTargetsInParallel = 1;
				LastSwiftUpdateCheck = 1620;
				LastUpgradeCheck = 1640;
				TargetAttributes = {
					AC5EBA702D7CD43E00B89DAD = {
						CreatedOnToolsVersion = 16.2;
					};
					ACB8897E2DE86E2E00F69444 = {
						CreatedOnToolsVersion = 16.2;
						TestTargetID = AC5EBA702D7CD43E00B89DAD;
					};
					ACE7E0EB2DE6FDEC00CD99C7 = {
						CreatedOnToolsVersion = 16.2;
					};
				};
			};
			buildConfigurationList = AC5EBA6C2D7CD43E00B89DAD /* Build configuration list for PBXProject "event_planning_app" */;
			developmentRegion = en;
			hasScannedForEncodings = 0;
			knownRegions = (
				en,
				Base,
			);
			mainGroup = AC5EBA682D7CD43E00B89DAD;
			minimizedProjectReferenceProxies = 1;
			packageReferences = (
				AC5EBA822D7CD5A300B89DAD /* XCRemoteSwiftPackageReference "firebase-ios-sdk" */,
			);
			preferredProjectObjectVersion = 77;
			productRefGroup = AC5EBA722D7CD43E00B89DAD /* Products */;
			projectDirPath = "";
			projectReferences = (
				{
					ProductGroup = AC6F5EE32DE0F8B400025F04 /* Products */;
					ProjectRef = AC6F5EE12DE0F8B400025F04 /* SocialGeoKit.xcodeproj */;
				},
			);
			projectRoot = "";
			targets = (
				AC5EBA702D7CD43E00B89DAD /* event_planning_app */,
				ACE7E0EB2DE6FDEC00CD99C7 /* SocialPlanningKit */,
				ACB8897E2DE86E2E00F69444 /* SocialPlanningKitTests */,
			);
		};
/* End PBXProject section */

/* Begin PBXResourcesBuildPhase section */
		AC5EBA6F2D7CD43E00B89DAD /* Resources */ = {
			isa = PBXResourcesBuildPhase;
			buildActionMask = 2147483647;
			files = (
			);
			runOnlyForDeploymentPostprocessing = 0;
		};
		ACB8897D2DE86E2E00F69444 /* Resources */ = {
			isa = PBXResourcesBuildPhase;
			buildActionMask = 2147483647;
			files = (
			);
			runOnlyForDeploymentPostprocessing = 0;
		};
		ACE7E0EA2DE6FDEC00CD99C7 /* Resources */ = {
			isa = PBXResourcesBuildPhase;
			buildActionMask = 2147483647;
			files = (
			);
			runOnlyForDeploymentPostprocessing = 0;
		};
/* End PBXResourcesBuildPhase section */

/* Begin PBXSourcesBuildPhase section */
		AC5EBA6D2D7CD43E00B89DAD /* Sources */ = {
			isa = PBXSourcesBuildPhase;
			buildActionMask = 2147483647;
			files = (
			);
			runOnlyForDeploymentPostprocessing = 0;
		};
		ACB8897B2DE86E2E00F69444 /* Sources */ = {
			isa = PBXSourcesBuildPhase;
			buildActionMask = 2147483647;
			files = (
			);
			runOnlyForDeploymentPostprocessing = 0;
		};
		ACE7E0E82DE6FDEC00CD99C7 /* Sources */ = {
			isa = PBXSourcesBuildPhase;
			buildActionMask = 2147483647;
			files = (
			);
			runOnlyForDeploymentPostprocessing = 0;
		};
/* End PBXSourcesBuildPhase section */

/* Begin PBXTargetDependency section */
		ACB889842DE86E2E00F69444 /* PBXTargetDependency */ = {
			isa = PBXTargetDependency;
			target = AC5EBA702D7CD43E00B89DAD /* event_planning_app */;
			targetProxy = ACB889832DE86E2E00F69444 /* PBXContainerItemProxy */;
		};
		ACE7E0F32DE6FDEC00CD99C7 /* PBXTargetDependency */ = {
			isa = PBXTargetDependency;
			target = ACE7E0EB2DE6FDEC00CD99C7 /* SocialPlanningKit */;
			targetProxy = ACE7E0F22DE6FDEC00CD99C7 /* PBXContainerItemProxy */;
		};
/* End PBXTargetDependency section */

/* Begin XCBuildConfiguration section */
		AC5EBA7D2D7CD43F00B89DAD /* Debug */ = {
			isa = XCBuildConfiguration;
			buildSettings = {
				ALWAYS_SEARCH_USER_PATHS = NO;
				ASSETCATALOG_COMPILER_GENERATE_SWIFT_ASSET_SYMBOL_EXTENSIONS = YES;
				CLANG_ANALYZER_NONNULL = YES;
				CLANG_ANALYZER_NUMBER_OBJECT_CONVERSION = YES_AGGRESSIVE;
				CLANG_CXX_LANGUAGE_STANDARD = "gnu++20";
				CLANG_ENABLE_MODULES = YES;
				CLANG_ENABLE_OBJC_ARC = YES;
				CLANG_ENABLE_OBJC_WEAK = YES;
				CLANG_WARN_BLOCK_CAPTURE_AUTORELEASING = YES;
				CLANG_WARN_BOOL_CONVERSION = YES;
				CLANG_WARN_COMMA = YES;
				CLANG_WARN_CONSTANT_CONVERSION = YES;
				CLANG_WARN_DEPRECATED_OBJC_IMPLEMENTATIONS = YES;
				CLANG_WARN_DIRECT_OBJC_ISA_USAGE = YES_ERROR;
				CLANG_WARN_DOCUMENTATION_COMMENTS = YES;
				CLANG_WARN_EMPTY_BODY = YES;
				CLANG_WARN_ENUM_CONVERSION = YES;
				CLANG_WARN_INFINITE_RECURSION = YES;
				CLANG_WARN_INT_CONVERSION = YES;
				CLANG_WARN_NON_LITERAL_NULL_CONVERSION = YES;
				CLANG_WARN_OBJC_IMPLICIT_RETAIN_SELF = YES;
				CLANG_WARN_OBJC_LITERAL_CONVERSION = YES;
				CLANG_WARN_OBJC_ROOT_CLASS = YES_ERROR;
				CLANG_WARN_QUOTED_INCLUDE_IN_FRAMEWORK_HEADER = YES;
				CLANG_WARN_RANGE_LOOP_ANALYSIS = YES;
				CLANG_WARN_STRICT_PROTOTYPES = YES;
				CLANG_WARN_SUSPICIOUS_MOVE = YES;
				CLANG_WARN_UNGUARDED_AVAILABILITY = YES_AGGRESSIVE;
				CLANG_WARN_UNREACHABLE_CODE = YES;
				CLANG_WARN__DUPLICATE_METHOD_MATCH = YES;
				COPY_PHASE_STRIP = NO;
				DEBUG_INFORMATION_FORMAT = dwarf;
				DEVELOPMENT_TEAM = QFS7488RTY;
				ENABLE_STRICT_OBJC_MSGSEND = YES;
				ENABLE_TESTABILITY = YES;
				ENABLE_USER_SCRIPT_SANDBOXING = YES;
				GCC_C_LANGUAGE_STANDARD = gnu17;
				GCC_DYNAMIC_NO_PIC = NO;
				GCC_NO_COMMON_BLOCKS = YES;
				GCC_OPTIMIZATION_LEVEL = 0;
				GCC_PREPROCESSOR_DEFINITIONS = (
					"DEBUG=1",
					"$(inherited)",
				);
				GCC_WARN_64_TO_32_BIT_CONVERSION = YES;
				GCC_WARN_ABOUT_RETURN_TYPE = YES_ERROR;
				GCC_WARN_UNDECLARED_SELECTOR = YES;
				GCC_WARN_UNINITIALIZED_AUTOS = YES_AGGRESSIVE;
				GCC_WARN_UNUSED_FUNCTION = YES;
				GCC_WARN_UNUSED_VARIABLE = YES;
				IPHONEOS_DEPLOYMENT_TARGET = 18.2;
				LOCALIZATION_PREFERS_STRING_CATALOGS = YES;
				MTL_ENABLE_DEBUG_INFO = INCLUDE_SOURCE;
				MTL_FAST_MATH = YES;
				ONLY_ACTIVE_ARCH = YES;
				SDKROOT = iphoneos;
				SWIFT_ACTIVE_COMPILATION_CONDITIONS = "DEBUG $(inherited)";
				SWIFT_OPTIMIZATION_LEVEL = "-Onone";
			};
			name = Debug;
		};
		AC5EBA7E2D7CD43F00B89DAD /* Release */ = {
			isa = XCBuildConfiguration;
			buildSettings = {
				ALWAYS_SEARCH_USER_PATHS = NO;
				ASSETCATALOG_COMPILER_GENERATE_SWIFT_ASSET_SYMBOL_EXTENSIONS = YES;
				CLANG_ANALYZER_NONNULL = YES;
				CLANG_ANALYZER_NUMBER_OBJECT_CONVERSION = YES_AGGRESSIVE;
				CLANG_CXX_LANGUAGE_STANDARD = "gnu++20";
				CLANG_ENABLE_MODULES = YES;
				CLANG_ENABLE_OBJC_ARC = YES;
				CLANG_ENABLE_OBJC_WEAK = YES;
				CLANG_WARN_BLOCK_CAPTURE_AUTORELEASING = YES;
				CLANG_WARN_BOOL_CONVERSION = YES;
				CLANG_WARN_COMMA = YES;
				CLANG_WARN_CONSTANT_CONVERSION = YES;
				CLANG_WARN_DEPRECATED_OBJC_IMPLEMENTATIONS = YES;
				CLANG_WARN_DIRECT_OBJC_ISA_USAGE = YES_ERROR;
				CLANG_WARN_DOCUMENTATION_COMMENTS = YES;
				CLANG_WARN_EMPTY_BODY = YES;
				CLANG_WARN_ENUM_CONVERSION = YES;
				CLANG_WARN_INFINITE_RECURSION = YES;
				CLANG_WARN_INT_CONVERSION = YES;
				CLANG_WARN_NON_LITERAL_NULL_CONVERSION = YES;
				CLANG_WARN_OBJC_IMPLICIT_RETAIN_SELF = YES;
				CLANG_WARN_OBJC_LITERAL_CONVERSION = YES;
				CLANG_WARN_OBJC_ROOT_CLASS = YES_ERROR;
				CLANG_WARN_QUOTED_INCLUDE_IN_FRAMEWORK_HEADER = YES;
				CLANG_WARN_RANGE_LOOP_ANALYSIS = YES;
				CLANG_WARN_STRICT_PROTOTYPES = YES;
				CLANG_WARN_SUSPICIOUS_MOVE = YES;
				CLANG_WARN_UNGUARDED_AVAILABILITY = YES_AGGRESSIVE;
				CLANG_WARN_UNREACHABLE_CODE = YES;
				CLANG_WARN__DUPLICATE_METHOD_MATCH = YES;
				COPY_PHASE_STRIP = NO;
				DEBUG_INFORMATION_FORMAT = "dwarf-with-dsym";
				DEVELOPMENT_TEAM = QFS7488RTY;
				ENABLE_NS_ASSERTIONS = NO;
				ENABLE_STRICT_OBJC_MSGSEND = YES;
				ENABLE_USER_SCRIPT_SANDBOXING = YES;
				GCC_C_LANGUAGE_STANDARD = gnu17;
				GCC_NO_COMMON_BLOCKS = YES;
				GCC_WARN_64_TO_32_BIT_CONVERSION = YES;
				GCC_WARN_ABOUT_RETURN_TYPE = YES_ERROR;
				GCC_WARN_UNDECLARED_SELECTOR = YES;
				GCC_WARN_UNINITIALIZED_AUTOS = YES_AGGRESSIVE;
				GCC_WARN_UNUSED_FUNCTION = YES;
				GCC_WARN_UNUSED_VARIABLE = YES;
				IPHONEOS_DEPLOYMENT_TARGET = 18.2;
				LOCALIZATION_PREFERS_STRING_CATALOGS = YES;
				MTL_ENABLE_DEBUG_INFO = NO;
				MTL_FAST_MATH = YES;
				SDKROOT = iphoneos;
				SWIFT_COMPILATION_MODE = wholemodule;
				VALIDATE_PRODUCT = YES;
			};
			name = Release;
		};
		AC5EBA802D7CD43F00B89DAD /* Debug */ = {
			isa = XCBuildConfiguration;
			buildSettings = {
				ASSETCATALOG_COMPILER_APPICON_NAME = AppIcon;
				ASSETCATALOG_COMPILER_GLOBAL_ACCENT_COLOR_NAME = AccentColor;
				CODE_SIGN_STYLE = Automatic;
				CURRENT_PROJECT_VERSION = 1;
				DEVELOPMENT_ASSET_PATHS = "\"event_planning_app/Preview Content\"";
				ENABLE_PREVIEWS = YES;
				FRAMEWORK_SEARCH_PATHS = (
					"$(inherited)",
					"$(PROJECT_DIR)",
					"$(PROJECT_DIR)/event_planning_app/Views/widgets/Home",
					"$(PROJECT_DIR)/event_planning_app",
				);
				GENERATE_INFOPLIST_FILE = YES;
				INFOPLIST_KEY_NSLocationAlwaysUsageDescription = "We need access to your location for tracking your position in real-time, even when the app is in the background.";
				INFOPLIST_KEY_NSLocationWhenInUseUsageDescription = "We need access to your location for tracking your position in real-time.";
				INFOPLIST_KEY_UIApplicationSceneManifest_Generation = YES;
				INFOPLIST_KEY_UIApplicationSupportsIndirectInputEvents = YES;
				INFOPLIST_KEY_UILaunchScreen_Generation = YES;
				INFOPLIST_KEY_UISupportedInterfaceOrientations_iPad = "UIInterfaceOrientationPortrait UIInterfaceOrientationPortraitUpsideDown UIInterfaceOrientationLandscapeLeft UIInterfaceOrientationLandscapeRight";
				INFOPLIST_KEY_UISupportedInterfaceOrientations_iPhone = "UIInterfaceOrientationPortrait UIInterfaceOrientationLandscapeLeft UIInterfaceOrientationLandscapeRight";
				IPHONEOS_DEPLOYMENT_TARGET = 18.0;
				LD_RUNPATH_SEARCH_PATHS = (
					"$(inherited)",
					"@executable_path/Frameworks",
				);
				MARKETING_VERSION = 1.0;
				PRODUCT_BUNDLE_IDENTIFIER = "programing.event-planning-app";
				PRODUCT_NAME = "$(TARGET_NAME)";
				SUPPORTED_PLATFORMS = "iphoneos iphonesimulator";
				SUPPORTS_MACCATALYST = NO;
				SUPPORTS_XR_DESIGNED_FOR_IPHONE_IPAD = NO;
				SWIFT_EMIT_LOC_STRINGS = YES;
				SWIFT_VERSION = 5.0;
				TARGETED_DEVICE_FAMILY = "1,2";
			};
			name = Debug;
		};
		AC5EBA812D7CD43F00B89DAD /* Release */ = {
			isa = XCBuildConfiguration;
			buildSettings = {
				ASSETCATALOG_COMPILER_APPICON_NAME = AppIcon;
				ASSETCATALOG_COMPILER_GLOBAL_ACCENT_COLOR_NAME = AccentColor;
				CODE_SIGN_STYLE = Automatic;
				CURRENT_PROJECT_VERSION = 1;
				DEVELOPMENT_ASSET_PATHS = "\"event_planning_app/Preview Content\"";
				ENABLE_PREVIEWS = YES;
				FRAMEWORK_SEARCH_PATHS = (
					"$(inherited)",
					"$(PROJECT_DIR)",
					"$(PROJECT_DIR)/event_planning_app/Views/widgets/Home",
					"$(PROJECT_DIR)/event_planning_app",
				);
				GENERATE_INFOPLIST_FILE = YES;
				INFOPLIST_KEY_NSLocationAlwaysUsageDescription = "We need access to your location for tracking your position in real-time, even when the app is in the background.";
				INFOPLIST_KEY_NSLocationWhenInUseUsageDescription = "We need access to your location for tracking your position in real-time.";
				INFOPLIST_KEY_UIApplicationSceneManifest_Generation = YES;
				INFOPLIST_KEY_UIApplicationSupportsIndirectInputEvents = YES;
				INFOPLIST_KEY_UILaunchScreen_Generation = YES;
				INFOPLIST_KEY_UISupportedInterfaceOrientations_iPad = "UIInterfaceOrientationPortrait UIInterfaceOrientationPortraitUpsideDown UIInterfaceOrientationLandscapeLeft UIInterfaceOrientationLandscapeRight";
				INFOPLIST_KEY_UISupportedInterfaceOrientations_iPhone = "UIInterfaceOrientationPortrait UIInterfaceOrientationLandscapeLeft UIInterfaceOrientationLandscapeRight";
				IPHONEOS_DEPLOYMENT_TARGET = 18.0;
				LD_RUNPATH_SEARCH_PATHS = (
					"$(inherited)",
					"@executable_path/Frameworks",
				);
				MARKETING_VERSION = 1.0;
				PRODUCT_BUNDLE_IDENTIFIER = "programing.event-planning-app";
				PRODUCT_NAME = "$(TARGET_NAME)";
				SUPPORTED_PLATFORMS = "iphoneos iphonesimulator";
				SUPPORTS_MACCATALYST = NO;
				SUPPORTS_XR_DESIGNED_FOR_IPHONE_IPAD = NO;
				SWIFT_EMIT_LOC_STRINGS = YES;
				SWIFT_VERSION = 5.0;
				TARGETED_DEVICE_FAMILY = "1,2";
			};
			name = Release;
		};
		ACB889862DE86E2E00F69444 /* Debug */ = {
			isa = XCBuildConfiguration;
			buildSettings = {
				BUNDLE_LOADER = "$(TEST_HOST)";
				CODE_SIGN_STYLE = Automatic;
				CURRENT_PROJECT_VERSION = 1;
				GENERATE_INFOPLIST_FILE = YES;
				IPHONEOS_DEPLOYMENT_TARGET = 18.0;
				MARKETING_VERSION = 1.0;
				PRODUCT_BUNDLE_IDENTIFIER = programing.SocialPlanningKitTests;
				PRODUCT_NAME = "$(TARGET_NAME)";
				SWIFT_EMIT_LOC_STRINGS = NO;
				SWIFT_VERSION = 5.0;
				TARGETED_DEVICE_FAMILY = "1,2";
				TEST_HOST = "$(BUILT_PRODUCTS_DIR)/event_planning_app.app/$(BUNDLE_EXECUTABLE_FOLDER_PATH)/event_planning_app";
			};
			name = Debug;
		};
		ACB889872DE86E2E00F69444 /* Release */ = {
			isa = XCBuildConfiguration;
			buildSettings = {
				BUNDLE_LOADER = "$(TEST_HOST)";
				CODE_SIGN_STYLE = Automatic;
				CURRENT_PROJECT_VERSION = 1;
				GENERATE_INFOPLIST_FILE = YES;
				IPHONEOS_DEPLOYMENT_TARGET = 18.0;
				MARKETING_VERSION = 1.0;
				PRODUCT_BUNDLE_IDENTIFIER = programing.SocialPlanningKitTests;
				PRODUCT_NAME = "$(TARGET_NAME)";
				SWIFT_EMIT_LOC_STRINGS = NO;
				SWIFT_VERSION = 5.0;
				TARGETED_DEVICE_FAMILY = "1,2";
				TEST_HOST = "$(BUILT_PRODUCTS_DIR)/event_planning_app.app/$(BUNDLE_EXECUTABLE_FOLDER_PATH)/event_planning_app";
			};
			name = Release;
		};
		ACE7E0F72DE6FDEC00CD99C7 /* Debug */ = {
			isa = XCBuildConfiguration;
			buildSettings = {
				BUILD_LIBRARY_FOR_DISTRIBUTION = NO;
				CODE_SIGN_IDENTITY = "";
				CODE_SIGN_STYLE = Automatic;
				CURRENT_PROJECT_VERSION = 1;
				DEFINES_MODULE = YES;
				DYLIB_COMPATIBILITY_VERSION = 1;
				DYLIB_CURRENT_VERSION = 1;
				DYLIB_INSTALL_NAME_BASE = "@rpath";
				ENABLE_MODULE_VERIFIER = YES;
				GENERATE_INFOPLIST_FILE = YES;
				INFOPLIST_KEY_NSHumanReadableCopyright = "";
				INSTALL_PATH = "$(LOCAL_LIBRARY_DIR)/Frameworks";
				IPHONEOS_DEPLOYMENT_TARGET = 18.0;
				LD_RUNPATH_SEARCH_PATHS = (
					"$(inherited)",
					"@executable_path/Frameworks",
					"@loader_path/Frameworks",
				);
				MARKETING_VERSION = 1.0;
				MODULE_VERIFIER_SUPPORTED_LANGUAGES = "objective-c objective-c++";
				MODULE_VERIFIER_SUPPORTED_LANGUAGE_STANDARDS = "gnu17 gnu++20";
				PRODUCT_BUNDLE_IDENTIFIER = programing.SocialPlanningKit;
				PRODUCT_NAME = "$(TARGET_NAME:c99extidentifier)";
				SKIP_INSTALL = YES;
				SUPPORTED_PLATFORMS = "iphoneos iphonesimulator";
				SUPPORTS_MACCATALYST = YES;
				SUPPORTS_XR_DESIGNED_FOR_IPHONE_IPAD = NO;
				SWIFT_EMIT_LOC_STRINGS = YES;
				SWIFT_INSTALL_OBJC_HEADER = NO;
				SWIFT_VERSION = 5.0;
				TARGETED_DEVICE_FAMILY = "1,2";
				VERSIONING_SYSTEM = "apple-generic";
				VERSION_INFO_PREFIX = "";
			};
			name = Debug;
		};
		ACE7E0F82DE6FDEC00CD99C7 /* Release */ = {
			isa = XCBuildConfiguration;
			buildSettings = {
				BUILD_LIBRARY_FOR_DISTRIBUTION = NO;
				CODE_SIGN_IDENTITY = "";
				CODE_SIGN_STYLE = Automatic;
				CURRENT_PROJECT_VERSION = 1;
				DEFINES_MODULE = YES;
				DYLIB_COMPATIBILITY_VERSION = 1;
				DYLIB_CURRENT_VERSION = 1;
				DYLIB_INSTALL_NAME_BASE = "@rpath";
				ENABLE_MODULE_VERIFIER = YES;
				GENERATE_INFOPLIST_FILE = YES;
				INFOPLIST_KEY_NSHumanReadableCopyright = "";
				INSTALL_PATH = "$(LOCAL_LIBRARY_DIR)/Frameworks";
				IPHONEOS_DEPLOYMENT_TARGET = 18.0;
				LD_RUNPATH_SEARCH_PATHS = (
					"$(inherited)",
					"@executable_path/Frameworks",
					"@loader_path/Frameworks",
				);
				MARKETING_VERSION = 1.0;
				MODULE_VERIFIER_SUPPORTED_LANGUAGES = "objective-c objective-c++";
				MODULE_VERIFIER_SUPPORTED_LANGUAGE_STANDARDS = "gnu17 gnu++20";
				PRODUCT_BUNDLE_IDENTIFIER = programing.SocialPlanningKit;
				PRODUCT_NAME = "$(TARGET_NAME:c99extidentifier)";
				SKIP_INSTALL = YES;
				SUPPORTED_PLATFORMS = "iphoneos iphonesimulator";
				SUPPORTS_MACCATALYST = YES;
				SUPPORTS_XR_DESIGNED_FOR_IPHONE_IPAD = NO;
				SWIFT_EMIT_LOC_STRINGS = YES;
				SWIFT_INSTALL_OBJC_HEADER = NO;
				SWIFT_VERSION = 5.0;
				TARGETED_DEVICE_FAMILY = "1,2";
				VERSIONING_SYSTEM = "apple-generic";
				VERSION_INFO_PREFIX = "";
			};
			name = Release;
		};
/* End XCBuildConfiguration section */

/* Begin XCConfigurationList section */
		AC5EBA6C2D7CD43E00B89DAD /* Build configuration list for PBXProject "event_planning_app" */ = {
			isa = XCConfigurationList;
			buildConfigurations = (
				AC5EBA7D2D7CD43F00B89DAD /* Debug */,
				AC5EBA7E2D7CD43F00B89DAD /* Release */,
			);
			defaultConfigurationIsVisible = 0;
			defaultConfigurationName = Release;
		};
		AC5EBA7F2D7CD43F00B89DAD /* Build configuration list for PBXNativeTarget "event_planning_app" */ = {
			isa = XCConfigurationList;
			buildConfigurations = (
				AC5EBA802D7CD43F00B89DAD /* Debug */,
				AC5EBA812D7CD43F00B89DAD /* Release */,
			);
			defaultConfigurationIsVisible = 0;
			defaultConfigurationName = Release;
		};
		ACB889852DE86E2E00F69444 /* Build configuration list for PBXNativeTarget "SocialPlanningKitTests" */ = {
			isa = XCConfigurationList;
			buildConfigurations = (
				ACB889862DE86E2E00F69444 /* Debug */,
				ACB889872DE86E2E00F69444 /* Release */,
			);
			defaultConfigurationIsVisible = 0;
			defaultConfigurationName = Release;
		};
		ACE7E0F62DE6FDEC00CD99C7 /* Build configuration list for PBXNativeTarget "SocialPlanningKit" */ = {
			isa = XCConfigurationList;
			buildConfigurations = (
				ACE7E0F72DE6FDEC00CD99C7 /* Debug */,
				ACE7E0F82DE6FDEC00CD99C7 /* Release */,
			);
			defaultConfigurationIsVisible = 0;
			defaultConfigurationName = Release;
		};
/* End XCConfigurationList section */

/* Begin XCRemoteSwiftPackageReference section */
		AC5EBA822D7CD5A300B89DAD /* XCRemoteSwiftPackageReference "firebase-ios-sdk" */ = {
			isa = XCRemoteSwiftPackageReference;
			repositoryURL = "https://github.com/firebase/firebase-ios-sdk.git";
			requirement = {
				kind = upToNextMajorVersion;
				minimumVersion = 11.9.0;
			};
		};
/* End XCRemoteSwiftPackageReference section */

/* Begin XCSwiftPackageProductDependency section */
		ACE7E0FF2DE7022A00CD99C7 /* FirebaseAuth */ = {
			isa = XCSwiftPackageProductDependency;
			package = AC5EBA822D7CD5A300B89DAD /* XCRemoteSwiftPackageReference "firebase-ios-sdk" */;
			productName = FirebaseAuth;
		};
		ACE7E1012DE7023300CD99C7 /* FirebaseCore */ = {
			isa = XCSwiftPackageProductDependency;
			package = AC5EBA822D7CD5A300B89DAD /* XCRemoteSwiftPackageReference "firebase-ios-sdk" */;
			productName = FirebaseCore;
		};
		ACE7E1032DE7024100CD99C7 /* FirebaseAnalytics */ = {
			isa = XCSwiftPackageProductDependency;
			package = AC5EBA822D7CD5A300B89DAD /* XCRemoteSwiftPackageReference "firebase-ios-sdk" */;
			productName = FirebaseAnalytics;
		};
		ACE7E1052DE7024C00CD99C7 /* FirebaseFirestore */ = {
			isa = XCSwiftPackageProductDependency;
			package = AC5EBA822D7CD5A300B89DAD /* XCRemoteSwiftPackageReference "firebase-ios-sdk" */;
			productName = FirebaseFirestore;
		};
		ACE7E1072DE7025700CD99C7 /* FirebaseDatabase */ = {
			isa = XCSwiftPackageProductDependency;
			package = AC5EBA822D7CD5A300B89DAD /* XCRemoteSwiftPackageReference "firebase-ios-sdk" */;
			productName = FirebaseDatabase;
		};
/* End XCSwiftPackageProductDependency section */
	};
	rootObject = AC5EBA692D7CD43E00B89DAD /* Project object */;
}
